# THIS IS AN AUTOGENERATED FILE. DO NOT EDIT THIS FILE DIRECTLY.
# yarn lockfile v1


"@jakedeichert/watchexec@^1.12.0-r3":
  version "1.12.0-r3"
  resolved "https://registry.yarnpkg.com/@jakedeichert/watchexec/-/watchexec-1.12.0-r3.tgz#e3fa95bcc92c9ea1eb0f788034bb134744f13be2"
  integrity sha512-ueBjPxaiBmzJ65IGpVLEfOI1W0pvBN2T7TNI+As4ZK5IlPvGwugOwNJ/xEtVIdKrmBSW7IOswjdPIP+qLqeelg==

"@rescript/react@^0.10.3":
  version "0.10.3"
  resolved "https://registry.yarnpkg.com/@rescript/react/-/react-0.10.3.tgz#a2a8bed6b017940ec26c2154764b350f50348889"
  integrity sha512-Lf9rzrR3bQPKJjOK3PBRa/B3xrJ7CqQ1HYr9VHPVxJidarIJJFZBhj0Dg1uZURX+Wg/xiP0PHFxXmdj2bK8Vxw==

bs-fetch@^0.6.2:
  version "0.6.2"
  resolved "https://registry.yarnpkg.com/bs-fetch/-/bs-fetch-0.6.2.tgz#37d982e9f79b9bc44c23e87ae78ccbee1f869adf"
  integrity sha512-VXEjp8kY3vHPckaoy3d96Bx0KYjJAPLNISBwfpwMN26K6DtuZYwI2HKhx7zeHBajz1bRArfx7O8OOLcdtujMvg==

bs-webapi@^0.19.1:
  version "0.19.1"
  resolved "https://registry.yarnpkg.com/bs-webapi/-/bs-webapi-0.19.1.tgz#cae7d65fc43795376becc44b56f46d85e5b8e878"
  integrity sha512-sRhkNdHFBxzoiLH+r8rhlW9XSafBbbGCkvsxtTJ1QMABEaHKj8TejwA7TuBZH2ZYL2ur3sk291ukkge5qFm3Uw==
  dependencies:
    bs-fetch "^0.6.2"

decco@^1.5.0:
  version "1.5.0"
  resolved "https://registry.yarnpkg.com/decco/-/decco-1.5.0.tgz#4a74d5cb9ffc7b3dd821f9e8a77ff633f05e752c"
  integrity sha512-d+QQ+4AgEHyqK0Ums0xsgxRjC7b1IVe96M/I8y9SZ+uo0bR0Fi4zM9BJnzDcaKwUPM/z5ze5klfRscZkz+psRg==

"js-tokens@^3.0.0 || ^4.0.0":
  version "4.0.0"
  resolved "https://registry.yarnpkg.com/js-tokens/-/js-tokens-4.0.0.tgz#19203fb59991df98e3a287050d4647cdeaf32499"
  integrity sha512-RdJUflcE3cUzKiMqQgsCu06FPu9UdIJO0beYbPhHN4k6apgJtifcoCtT9bcxOpYBtpD2kCM6Sbzg4CausW/PKQ==

loose-envify@^1.1.0, loose-envify@^1.4.0:
  version "1.4.0"
  resolved "https://registry.yarnpkg.com/loose-envify/-/loose-envify-1.4.0.tgz#71ee51fa7be4caec1a63839f7e682d8132d30caf"
  integrity sha512-lyuxPGr/Wfhrlem2CL/UcnUc1zcqKAImBDzukY7Y5F/yQiNdko6+fRLevlw1HgMySw7f611UIY408EtxRSoK3Q==
  dependencies:
    js-tokens "^3.0.0 || ^4.0.0"

object-assign@^4.1.1:
  version "4.1.1"
  resolved "https://registry.yarnpkg.com/object-assign/-/object-assign-4.1.1.tgz#2109adc7965887cfc05cbbd442cac8bfbb360863"
  integrity sha1-IQmtx5ZYh8/AXLvUQsrIv7s2CGM=

prop-types@^15.6.2:
  version "15.7.2"
  resolved "https://registry.yarnpkg.com/prop-types/-/prop-types-15.7.2.tgz#52c41e75b8c87e72b9d9360e0206b99dcbffa6c5"
  integrity sha512-8QQikdH7//R2vurIJSutZ1smHYTcLpRWEOlHnzcWHmBYrOGUysKwSsrC89BCiFj3CbrfJ/nXFdJepOVrY1GCHQ==
  dependencies:
    loose-envify "^1.4.0"
    object-assign "^4.1.1"
    react-is "^16.8.1"

react-dom@^16.8.1:
  version "16.14.0"
  resolved "https://registry.yarnpkg.com/react-dom/-/react-dom-16.14.0.tgz#7ad838ec29a777fb3c75c3a190f661cf92ab8b89"
  integrity sha512-1gCeQXDLoIqMgqD3IO2Ah9bnf0w9kzhwN5q4FGnHZ67hBm9yePzB5JJAIQCc8x3pFnNlwFq4RidZggNAAkzWWw==
  dependencies:
    loose-envify "^1.1.0"
    object-assign "^4.1.1"
    prop-types "^15.6.2"
    scheduler "^0.19.1"

react-is@^16.8.1:
  version "16.13.1"
  resolved "https://registry.yarnpkg.com/react-is/-/react-is-16.13.1.tgz#789729a4dc36de2999dc156dd6c1d9c18cea56a4"
  integrity sha512-24e6ynE2H+OKt4kqsOvNd8kBpV65zoxbA4BVsEOB3ARVWQki/DHzaUoC5KuON/BiccDaCCTZBuOcfZs70kR8bQ==

react@^16.8.1:
  version "16.14.0"
  resolved "https://registry.yarnpkg.com/react/-/react-16.14.0.tgz#94d776ddd0aaa37da3eda8fc5b6b18a4c9a3114d"
  integrity sha512-0X2CImDkJGApiAlcf0ODKIneSwBPhqJawOa5wCtKbu7ZECrmS26NvtSILynQ66cgkT/RJ4LidJOc3bUESwmU8g==
  dependencies:
    loose-envify "^1.1.0"
    object-assign "^4.1.1"
    prop-types "^15.6.2"

rescript@^9.1.4:
  version "9.1.4"
  resolved "https://registry.yarnpkg.com/rescript/-/rescript-9.1.4.tgz#1eb126f98d6c16942c0bf0df67c050198e580515"
  integrity sha512-aXANK4IqecJzdnDpJUsU6pxMViCR5ogAxzuqS0mOr8TloMnzAjJFu63fjD6LCkWrKAhlMkFFzQvVQYaAaVkFXw==

scheduler@^0.19.1:
  version "0.19.1"
  resolved "https://registry.yarnpkg.com/scheduler/-/scheduler-0.19.1.tgz#4f3e2ed2c1a7d65681f4c854fa8c5a1ccb40f196"
  integrity sha512-n/zwRWRYSUj0/3g/otKDRPMh6qv2SYMWNq85IEa8iZyAv8od9zDYpGSnpBEjNgcMNq6Scbu5KfIPxNF72R/2EA==
  dependencies:
    loose-envify "^1.1.0"
    object-assign "^4.1.1"
